
Microsoft Visual Studio Solution File, Format Version 12.00
# Visual Studio Version 17
VisualStudioVersion = 17.4.33205.214
MinimumVisualStudioVersion = 10.0.40219.1
Project("{FAE04EC0-301F-11D3-BF4B-00C04F79EFBC}") = "japanese_hogus", "japanese_hogus.csproj", "{830559CD-12AF-4AA1-BD2A-C86B7C5511CF}"
EndProject
Global
	GlobalSection(SolutionConfigurationPlatforms) = preSolution
		Debug|Any CPU = Debug|Any CPU
		Release|Any CPU = Release|Any CPU
	EndGlobalSection
	GlobalSection(ProjectConfigurationPlatforms) = postSolution
		{830559CD-12AF-4AA1-BD2A-C86B7C5511CF}.Debug|Any CPU.ActiveCfg = Debug|Any CPU
		{830559CD-12AF-4AA1-BD2A-C86B7C5511CF}.Debug|Any CPU.Build.0 = Debug|Any CPU
		{830559CD-12AF-4AA1-BD2A-C86B7C5511CF}.Release|Any CPU.ActiveCfg = Release|Any CPU
		{830559CD-12AF-4AA1-BD2A-C86B7C5511CF}.Release|Any CPU.Build.0 = Release|Any CPU
	EndGlobalSection
	GlobalSection(SolutionProperties) = preSolution
		HideSolutionNode = FALSE
	EndGlobalSection
	GlobalSection(ExtensibilityGlobals) = postSolution
		SolutionGuid = {805EE1CE-427D-49EB-B3D7-390A16EE046D}
	EndGlobalSection
EndGlobal
